github.com/gethugothemes/hugo-modules/accordion v0.0.0-20240414052440-de0e16b3cfb6 h1:v3apTO/LZWF30nAryhtD0vl4Q0ec+s2x16RsvhjZOLU=
github.com/gethugothemes/hugo-modules/accordion v0.0.0-20240414052440-de0e16b3cfb6/go.mod h1:D4DpauKPDcUHI9CVKYmJeO6bkSJIhUN864TyXZ2o0VI=
github.com/gethugothemes/hugo-modules/adsense v0.0.0-20240414052440-de0e16b3cfb6 h1:0sGFWzU8xytA1Vyi9ivGGVEh8Txz8wwBSFSGcDTTfSE=
github.com/gethugothemes/hugo-modules/adsense v0.0.0-20240414052440-de0e16b3cfb6/go.mod h1:8p/gG/cyyu20z4q5cFN/JGE5TOFA55Xsp+aIP9KCsqo=
github.com/gethugothemes/hugo-modules/components/cookie-consent v0.0.0-20240414052440-de0e16b3cfb6 h1:TZIRapzTqv865rdKk2UNmuZJG5sbfRf0/lHrvT49zjk=
github.com/gethugothemes/hugo-modules/components/cookie-consent v0.0.0-20240414052440-de0e16b3cfb6/go.mod h1:511ERLpGe3ZTfV2z/NAtUSR5NqKF26h9z5lU/zYV4YQ=
github.com/gethugothemes/hugo-modules/components/custom-script v0.0.0-20240414052440-de0e16b3cfb6 h1:4muwEF6j6jAaVLrkEh1UchQY85uyUIk5IQZK7S35S3I=
github.com/gethugothemes/hugo-modules/components/custom-script v0.0.0-20240414052440-de0e16b3cfb6/go.mod h1:RuDHq4WnK8sNEzAIJr4BZQ7oXhzcct/EKaAxc2Xvi9E=
github.com/gethugothemes/hugo-modules/components/preloader v0.0.0-20240414052440-de0e16b3cfb6 h1:AILm2EbyE1F2JOjg88n0bSZFkgXmX5xc3PrLlXcA1vo=
github.com/gethugothemes/hugo-modules/components/preloader v0.0.0-20240414052440-de0e16b3cfb6/go.mod h1:FP0iQ3tMOesuWFZhLst2KEvUEYPb5Jk1GW+QBP9lrwg=
github.com/gethugothemes/hugo-modules/components/render-link v0.0.0-20240414052440-de0e16b3cfb6 h1:cRyzVWv33ku/D5q0/nKGLcTgsQGux6uPUJhUwHhBQw4=
github.com/gethugothemes/hugo-modules/components/render-link v0.0.0-20240414052440-de0e16b3cfb6/go.mod h1:z3YcIeEBUonAoRDY1/Jv1ojNVkZ5ud35a0Nn8L4Inx0=
github.com/gethugothemes/hugo-modules/components/social-share v0.0.0-20240414052440-de0e16b3cfb6 h1:2l33wrVNrpCsusHs5iZh0yGyx8UAARaT1J37ZX8GAUM=
github.com/gethugothemes/hugo-modules/components/social-share v0.0.0-20240414052440-de0e16b3cfb6/go.mod h1:Gcj4RM/EBECsJMZnPeWjfy/1roRYGqzV9GYNmeHkvFA=
github.com/gethugothemes/hugo-modules/gallery-slider v0.0.0-20240414052440-de0e16b3cfb6 h1:C7PmhlClwKVUNTPzyuOi6fwHNOl3hcvOsMfCZgcIfIc=
github.com/gethugothemes/hugo-modules/gallery-slider v0.0.0-20240414052440-de0e16b3cfb6/go.mod h1:MvQ2js/ofZ22CTX5wuvE+dC0rMe6C5HAWL2fEOu/yzE=
github.com/gethugothemes/hugo-modules/gzip-caching v0.0.0-20240414052440-de0e16b3cfb6 h1:WHE6R1zjZwDF5AX1c1xOf0DEf4sr76+2M3QLBw2HTrE=
github.com/gethugothemes/hugo-modules/gzip-caching v0.0.0-20240414052440-de0e16b3cfb6/go.mod h1:0ZMjTZVG4XLZU2/icc8Saqo4mmgMpfRTrUZU2Aa2Pwg=
github.com/gethugothemes/hugo-modules/icons/font-awesome v0.0.0-20240414052440-de0e16b3cfb6 h1:u36J0PWNoAJ71nV/32AYBFciQyMhLX+OQ072Jygx2cI=
github.com/gethugothemes/hugo-modules/icons/font-awesome v0.0.0-20240414052440-de0e16b3cfb6/go.mod h1:d3gy1vQyfasPmGpau7HpQLrXbOv23PfXclSnjyOBxeU=
github.com/gethugothemes/hugo-modules/images v0.0.0-20240414052440-de0e16b3cfb6 h1:tuyONtZ73iq3WU9mLuAZR0kZkvgmFivoUITEZ/onn5I=
github.com/gethugothemes/hugo-modules/images v0.0.0-20240414052440-de0e16b3cfb6/go.mod h1:FKliP3qOW9diIcQeLtyZ0Hdhg3PL8bdAkC/6O+XtU90=
github.com/gethugothemes/hugo-modules/modal v0.0.0-20240414052440-de0e16b3cfb6 h1:ofFV309QRMwgGPQjwNEG6W0S9Kv6+inrndwoDq+zIbU=
github.com/gethugothemes/hugo-modules/modal v0.0.0-20240414052440-de0e16b3cfb6/go.mod h1:Eb9v7oV6biymfvjcBhQdvgn0gUGYhUtfCMeOBLFpFsk=
github.com/gethugothemes/hugo-modules/pwa v0.0.0-20240414052440-de0e16b3cfb6 h1:6inHLYcLlHLbIhBwG5KTR0SroJzUCZx712ByFnSFGgU=
github.com/gethugothemes/hugo-modules/pwa v0.0.0-20240414052440-de0e16b3cfb6/go.mod h1:TRv7iszdfo37O1PbBEE+S8X/enAdpRIxK5DGrp13Qbo=
github.com/gethugothemes/hugo-modules/search v0.0.0-20240414052440-de0e16b3cfb6 h1:z/cGHsvJvCojqqjzB1mWJYEorcY7FzeOXbQ6mYWRvAY=
github.com/gethugothemes/hugo-modules/search v0.0.0-20240414052440-de0e16b3cfb6/go.mod h1:tmDvLaZCM+QDvS/WLZXNjY1QTdWh7/68D2wIToECbyA=
github.com/gethugothemes/hugo-modules/seo-tools/basic-seo v0.0.0-20240414052440-de0e16b3cfb6 h1:4pgbyZrpMQKmbHCYVdEnqQBRGoZ4pQxYmOiI4XjdF+8=
github.com/gethugothemes/hugo-modules/seo-tools/basic-seo v0.0.0-20240414052440-de0e16b3cfb6/go.mod h1:Q8dPgjamV7pxwKSQyWV21Xwh5CGi23/k+M8HPTphYbs=
github.com/gethugothemes/hugo-modules/seo-tools/google-tag-manager v0.0.0-20240414052440-de0e16b3cfb6 h1:WfMgoDzlT0338HPHj4weSvFLs1eoIAy4jpPYUr2k7/c=
github.com/gethugothemes/hugo-modules/seo-tools/google-tag-manager v0.0.0-20240414052440-de0e16b3cfb6/go.mod h1:cCq50yd55eFTrpqOfeyOK5X0hU5E7qxsqOD7IzTsgLA=
github.com/gethugothemes/hugo-modules/seo-tools/site-verifications v0.0.0-20240414052440-de0e16b3cfb6 h1:xrbC17wjdw5kh1tpIGMMu5f4qOyNWaCr+ql9ZYdLAhM=
github.com/gethugothemes/hugo-modules/seo-tools/site-verifications v0.0.0-20240414052440-de0e16b3cfb6/go.mod h1:iXielaya126qJscz7Bc2G2WB91moloQOoWru6UoBUyE=
github.com/gethugothemes/hugo-modules/shortcodes/button v0.0.0-20240414052440-de0e16b3cfb6 h1:V/FggTKfiT8Dqt5zjuORY3Zxwtas7jFZ04p9C569HMU=
github.com/gethugothemes/hugo-modules/shortcodes/button v0.0.0-20240414052440-de0e16b3cfb6/go.mod h1:MSvxGvjvcGUKTs6YMATU/9kYFrzW+VSVdy4CCOQLdsY=
github.com/gethugothemes/hugo-modules/shortcodes/notice v0.0.0-20240414052440-de0e16b3cfb6 h1:4Fs0kCDvC5fWdVKsHizxvOHA/KocIrbegfbfSiAmXrs=
github.com/gethugothemes/hugo-modules/shortcodes/notice v0.0.0-20240414052440-de0e16b3cfb6/go.mod h1:ljWyMJx82WA+6SlKjbGFhEdxcriyvUTCjXkJHDa4lho=
github.com/gethugothemes/hugo-modules/tab v0.0.0-20240414052440-de0e16b3cfb6 h1:Lpp/d8da0/G0EXI+gg4z4h4zvJNvdEqfJ8/wGdY4hpo=
github.com/gethugothemes/hugo-modules/tab v0.0.0-20240414052440-de0e16b3cfb6/go.mod h1:h3UxlxrFoU19JldxWLPBKaTZFe3AJtABrqo1wfxr+Ng=
github.com/gethugothemes/hugo-modules/table-of-contents v0.0.0-20240414052440-de0e16b3cfb6 h1:zWFkCxKUfq2wp9WgmKVENMC7veEMkpiXgrMB+b4ViIo=
github.com/gethugothemes/hugo-modules/table-of-contents v0.0.0-20240414052440-de0e16b3cfb6/go.mod h1:bEDw4veccQQQYEdVrfu13ATRUWfW8ptDIjJZuhYh4Tw=
github.com/gethugothemes/hugo-modules/videos v0.0.0-20240414052440-de0e16b3cfb6 h1:DM5ieESeOtic9uak9qNs2kOXNAWFKtzVm/cYhsJAEOY=
github.com/gethugothemes/hugo-modules/videos v0.0.0-20240414052440-de0e16b3cfb6/go.mod h1:P722lLWdnNhdZVq6gvMrOLqECUwrAYQWaOWlChta5H0=
