github.com/gethugothemes/hugo-modules/accordion v0.0.0-20240504032439-79fc09d96848 h1:ot9Q1WIUx9Tnom2bSA+HCHdVGRtntj3Q36f9MLB1P7I=
github.com/gethugothemes/hugo-modules/accordion v0.0.0-20240504032439-79fc09d96848/go.mod h1:D4DpauKPDcUHI9CVKYmJeO6bkSJIhUN864TyXZ2o0VI=
github.com/gethugothemes/hugo-modules/adsense v0.0.0-20240504032439-79fc09d96848 h1:a1i3bDhUaJcMI1tY8RtCjEOQiXqypci+4QsJbk/j26c=
github.com/gethugothemes/hugo-modules/adsense v0.0.0-20240504032439-79fc09d96848/go.mod h1:8p/gG/cyyu20z4q5cFN/JGE5TOFA55Xsp+aIP9KCsqo=
github.com/gethugothemes/hugo-modules/components/announcement v0.0.0-20240504032439-79fc09d96848 h1:LF64OQRJW9nhKVan/TwXbqo1S3Tzptx6G8UGUqS0LmI=
github.com/gethugothemes/hugo-modules/components/announcement v0.0.0-20240504032439-79fc09d96848/go.mod h1:qgDXgzBHJynHCLitGWz9RrI5GSlp4exvdIcNu3bhG4c=
github.com/gethugothemes/hugo-modules/components/cookie-consent v0.0.0-20240504032439-79fc09d96848 h1:ZtGjayeMgo0Kp7p3J64usIlE9zewz3GX9UvMGou7rbw=
github.com/gethugothemes/hugo-modules/components/cookie-consent v0.0.0-20240504032439-79fc09d96848/go.mod h1:511ERLpGe3ZTfV2z/NAtUSR5NqKF26h9z5lU/zYV4YQ=
github.com/gethugothemes/hugo-modules/components/custom-script v0.0.0-20240504032439-79fc09d96848 h1:iQPCcvBB9s7UXNoAEH38LmTh1h6G8S0gNYoFLeB3qx4=
github.com/gethugothemes/hugo-modules/components/custom-script v0.0.0-20240504032439-79fc09d96848/go.mod h1:RuDHq4WnK8sNEzAIJr4BZQ7oXhzcct/EKaAxc2Xvi9E=
github.com/gethugothemes/hugo-modules/components/preloader v0.0.0-20240504032439-79fc09d96848 h1:AT7i7TZeHGbOYyW7MRK4qkiWBSEyXOkN8OPip63Uftw=
github.com/gethugothemes/hugo-modules/components/preloader v0.0.0-20240504032439-79fc09d96848/go.mod h1:FP0iQ3tMOesuWFZhLst2KEvUEYPb5Jk1GW+QBP9lrwg=
github.com/gethugothemes/hugo-modules/components/render-link v0.0.0-20240504032439-79fc09d96848 h1:eUZN8ZyYPP1d0Kr9NyyMy0RYLvCGGYEMbnU12w3EdME=
github.com/gethugothemes/hugo-modules/components/render-link v0.0.0-20240504032439-79fc09d96848/go.mod h1:z3YcIeEBUonAoRDY1/Jv1ojNVkZ5ud35a0Nn8L4Inx0=
github.com/gethugothemes/hugo-modules/components/social-share v0.0.0-20240504032439-79fc09d96848 h1:qImM2IoAkLw+yrHehIDb85LMGRQjCnTqqr/9ATfXnpk=
github.com/gethugothemes/hugo-modules/components/social-share v0.0.0-20240504032439-79fc09d96848/go.mod h1:Gcj4RM/EBECsJMZnPeWjfy/1roRYGqzV9GYNmeHkvFA=
github.com/gethugothemes/hugo-modules/gallery-slider v0.0.0-20240504032439-79fc09d96848 h1:YB1Kk5Bk882AY5BVSwKVbbEMLGOYXHUq+MMacDcxUwk=
github.com/gethugothemes/hugo-modules/gallery-slider v0.0.0-20240504032439-79fc09d96848/go.mod h1:MvQ2js/ofZ22CTX5wuvE+dC0rMe6C5HAWL2fEOu/yzE=
github.com/gethugothemes/hugo-modules/gzip-caching v0.0.0-20240504032439-79fc09d96848 h1:4+VW3SG885fcI621ReF4NlGR4jay1qTyhuyEKMkqPf8=
github.com/gethugothemes/hugo-modules/gzip-caching v0.0.0-20240504032439-79fc09d96848/go.mod h1:0ZMjTZVG4XLZU2/icc8Saqo4mmgMpfRTrUZU2Aa2Pwg=
github.com/gethugothemes/hugo-modules/icons/font-awesome v0.0.0-20240504032439-79fc09d96848 h1:UB1DXJuZFVYtYNhab7ENYEGfgRffKcvlx67KyjUNquQ=
github.com/gethugothemes/hugo-modules/icons/font-awesome v0.0.0-20240504032439-79fc09d96848/go.mod h1:d3gy1vQyfasPmGpau7HpQLrXbOv23PfXclSnjyOBxeU=
github.com/gethugothemes/hugo-modules/images v0.0.0-20240504032439-79fc09d96848 h1:ERg7+O0skI+hgtKSoF6gkhTBbRpWbq1wdTvF7Awk6ag=
github.com/gethugothemes/hugo-modules/images v0.0.0-20240504032439-79fc09d96848/go.mod h1:FKliP3qOW9diIcQeLtyZ0Hdhg3PL8bdAkC/6O+XtU90=
github.com/gethugothemes/hugo-modules/modal v0.0.0-20240504032439-79fc09d96848 h1:XPu1la1ffDbSByfIGMXI4ZkHkLe//7wRt/xz6QPM9Rs=
github.com/gethugothemes/hugo-modules/modal v0.0.0-20240504032439-79fc09d96848/go.mod h1:Eb9v7oV6biymfvjcBhQdvgn0gUGYhUtfCMeOBLFpFsk=
github.com/gethugothemes/hugo-modules/pwa v0.0.0-20240504032439-79fc09d96848 h1:n7TJ0RL1z2Oi5z1mOkHxswYpE4jAmwcxH9KntWTY6gY=
github.com/gethugothemes/hugo-modules/pwa v0.0.0-20240504032439-79fc09d96848/go.mod h1:TRv7iszdfo37O1PbBEE+S8X/enAdpRIxK5DGrp13Qbo=
github.com/gethugothemes/hugo-modules/search v0.0.0-20240504032439-79fc09d96848 h1:S9hlPStBkJ4EM9tXT1FYGZsZjN/9wKmxWMXp0b+FdGc=
github.com/gethugothemes/hugo-modules/search v0.0.0-20240504032439-79fc09d96848/go.mod h1:tmDvLaZCM+QDvS/WLZXNjY1QTdWh7/68D2wIToECbyA=
github.com/gethugothemes/hugo-modules/seo-tools/basic-seo v0.0.0-20240504032439-79fc09d96848 h1:AmOwQR/TkY7N0e8U9HrbIFKbqu41uDl25bLT85G9Wps=
github.com/gethugothemes/hugo-modules/seo-tools/basic-seo v0.0.0-20240504032439-79fc09d96848/go.mod h1:Q8dPgjamV7pxwKSQyWV21Xwh5CGi23/k+M8HPTphYbs=
github.com/gethugothemes/hugo-modules/seo-tools/google-tag-manager v0.0.0-20240504032439-79fc09d96848 h1:iys9W+gcLMYORI/V1xRg6yNzwIYhMXLGO1xHWzcHwko=
github.com/gethugothemes/hugo-modules/seo-tools/google-tag-manager v0.0.0-20240504032439-79fc09d96848/go.mod h1:cCq50yd55eFTrpqOfeyOK5X0hU5E7qxsqOD7IzTsgLA=
github.com/gethugothemes/hugo-modules/seo-tools/site-verifications v0.0.0-20240504032439-79fc09d96848 h1:chBXFLQseXP0nk8MUG1oRagtfiuj6YhmzPbFJ7IYya8=
github.com/gethugothemes/hugo-modules/seo-tools/site-verifications v0.0.0-20240504032439-79fc09d96848/go.mod h1:iXielaya126qJscz7Bc2G2WB91moloQOoWru6UoBUyE=
github.com/gethugothemes/hugo-modules/shortcodes/button v0.0.0-20240504032439-79fc09d96848 h1:GwXqS4zscOBjGZuOyFhoIbM7gxYOC3MOrYAi+ZtWvL4=
github.com/gethugothemes/hugo-modules/shortcodes/button v0.0.0-20240504032439-79fc09d96848/go.mod h1:MSvxGvjvcGUKTs6YMATU/9kYFrzW+VSVdy4CCOQLdsY=
github.com/gethugothemes/hugo-modules/shortcodes/notice v0.0.0-20240504032439-79fc09d96848 h1:Za2UFBEqXjN0YUeD2HhsE9GaZLBKGvIJ8QHi7pvikys=
github.com/gethugothemes/hugo-modules/shortcodes/notice v0.0.0-20240504032439-79fc09d96848/go.mod h1:ljWyMJx82WA+6SlKjbGFhEdxcriyvUTCjXkJHDa4lho=
github.com/gethugothemes/hugo-modules/tab v0.0.0-20240504032439-79fc09d96848 h1:sPypSEn3tFqzqrdSVYGaIcA1bINUqPG3m89aM3ys6IY=
github.com/gethugothemes/hugo-modules/tab v0.0.0-20240504032439-79fc09d96848/go.mod h1:h3UxlxrFoU19JldxWLPBKaTZFe3AJtABrqo1wfxr+Ng=
github.com/gethugothemes/hugo-modules/table-of-contents v0.0.0-20240504032439-79fc09d96848 h1:eqm1Snn2sqZMitscT0qDtGCHc2ycIaBKfLPqXCQN6Dg=
github.com/gethugothemes/hugo-modules/table-of-contents v0.0.0-20240504032439-79fc09d96848/go.mod h1:bEDw4veccQQQYEdVrfu13ATRUWfW8ptDIjJZuhYh4Tw=
github.com/gethugothemes/hugo-modules/videos v0.0.0-20240504032439-79fc09d96848 h1:0mmVxRnA++E8KHuJBiEoV9xc0vhrb98A3t3bwVGa3Xk=
github.com/gethugothemes/hugo-modules/videos v0.0.0-20240504032439-79fc09d96848/go.mod h1:P722lLWdnNhdZVq6gvMrOLqECUwrAYQWaOWlChta5H0=
github.com/hugomods/mermaid v0.1.1 h1:12b8DbdiKOTtPmkWOMXsBz3LKkAWVqa5tGkbEboj0a4=
github.com/hugomods/mermaid v0.1.1/go.mod h1:7sKIZLAeYsXXnKRh4KR70UQx27xnzf0mSQ2o99zTLS0=
github.com/zeon-studio/hugoplate v0.0.0-20240513062835-d4274ad7e3df h1:r9/eIMinLQtrkMW7tCj20hJpOHpMK9Lxfk7JTp4evHk=
github.com/zeon-studio/hugoplate v0.0.0-20240513062835-d4274ad7e3df/go.mod h1:YlRIwdTWidquf1dhtx+mDfu0I3KVrVQB4wi4UmHlK3E=
