github.com/gethugothemes/hugo-modules/accordion v0.0.0-20240417032207-612e47c108d7 h1:QXGX7MPGCvy1o8Dugvmhrb+fCNGuQ/rU/FhMh0Q9Zvs=
github.com/gethugothemes/hugo-modules/accordion v0.0.0-20240417032207-612e47c108d7/go.mod h1:D4DpauKPDcUHI9CVKYmJeO6bkSJIhUN864TyXZ2o0VI=
github.com/gethugothemes/hugo-modules/adsense v0.0.0-20240417032207-612e47c108d7 h1:zVVfaSjQJ3uTY9kMV1pX68/bNIDGnr27pygYIggbxmM=
github.com/gethugothemes/hugo-modules/adsense v0.0.0-20240417032207-612e47c108d7/go.mod h1:8p/gG/cyyu20z4q5cFN/JGE5TOFA55Xsp+aIP9KCsqo=
github.com/gethugothemes/hugo-modules/components/cookie-consent v0.0.0-20240417032207-612e47c108d7 h1:YoOVBQMJPAWRDyGETPRGEcxsdqr9G6Nn9ncU0JT1OBU=
github.com/gethugothemes/hugo-modules/components/cookie-consent v0.0.0-20240417032207-612e47c108d7/go.mod h1:511ERLpGe3ZTfV2z/NAtUSR5NqKF26h9z5lU/zYV4YQ=
github.com/gethugothemes/hugo-modules/components/custom-script v0.0.0-20240417032207-612e47c108d7 h1:oxnnwCy+iaDRRhfBSAQdZ/lTy5Lh1Z7AlXP3Em/XrQw=
github.com/gethugothemes/hugo-modules/components/custom-script v0.0.0-20240417032207-612e47c108d7/go.mod h1:RuDHq4WnK8sNEzAIJr4BZQ7oXhzcct/EKaAxc2Xvi9E=
github.com/gethugothemes/hugo-modules/components/preloader v0.0.0-20240417032207-612e47c108d7 h1:hN6BFqNKQyDMx+0b3M0tdwmRDZdI6GL/b9zcZa0QOSo=
github.com/gethugothemes/hugo-modules/components/preloader v0.0.0-20240417032207-612e47c108d7/go.mod h1:FP0iQ3tMOesuWFZhLst2KEvUEYPb5Jk1GW+QBP9lrwg=
github.com/gethugothemes/hugo-modules/components/render-link v0.0.0-20240417032207-612e47c108d7 h1:BOvUw0YqHLl4iXb7CLfFEn4OaOlLYgOArZ0w9VnrvEo=
github.com/gethugothemes/hugo-modules/components/render-link v0.0.0-20240417032207-612e47c108d7/go.mod h1:z3YcIeEBUonAoRDY1/Jv1ojNVkZ5ud35a0Nn8L4Inx0=
github.com/gethugothemes/hugo-modules/components/social-share v0.0.0-20240417032207-612e47c108d7 h1:D1uzxX/zjrBklfl+HHSaXJGyPqJ6CdwWOGKDLQE8s2Q=
github.com/gethugothemes/hugo-modules/components/social-share v0.0.0-20240417032207-612e47c108d7/go.mod h1:Gcj4RM/EBECsJMZnPeWjfy/1roRYGqzV9GYNmeHkvFA=
github.com/gethugothemes/hugo-modules/gallery-slider v0.0.0-20240417032207-612e47c108d7 h1:HftiV7qqf1azBkwfE/nJfMkaJuwcliEC4+5dfKiHaZc=
github.com/gethugothemes/hugo-modules/gallery-slider v0.0.0-20240417032207-612e47c108d7/go.mod h1:MvQ2js/ofZ22CTX5wuvE+dC0rMe6C5HAWL2fEOu/yzE=
github.com/gethugothemes/hugo-modules/gzip-caching v0.0.0-20240417032207-612e47c108d7 h1:nbYuwKhX+uChM6bULqv0uv3ujhSL+K5jvUEqWk8GvlY=
github.com/gethugothemes/hugo-modules/gzip-caching v0.0.0-20240417032207-612e47c108d7/go.mod h1:0ZMjTZVG4XLZU2/icc8Saqo4mmgMpfRTrUZU2Aa2Pwg=
github.com/gethugothemes/hugo-modules/icons/font-awesome v0.0.0-20240417032207-612e47c108d7 h1:YF5s/E30y0XC4NYFLEGvwNY9FhV/yLW2uznlB1WqrZ4=
github.com/gethugothemes/hugo-modules/icons/font-awesome v0.0.0-20240417032207-612e47c108d7/go.mod h1:d3gy1vQyfasPmGpau7HpQLrXbOv23PfXclSnjyOBxeU=
github.com/gethugothemes/hugo-modules/images v0.0.0-20240417032207-612e47c108d7 h1:Hm0w07jabSdCMCtgywAQL3MCxzmWE55KnA5PlgxfnBI=
github.com/gethugothemes/hugo-modules/images v0.0.0-20240417032207-612e47c108d7/go.mod h1:FKliP3qOW9diIcQeLtyZ0Hdhg3PL8bdAkC/6O+XtU90=
github.com/gethugothemes/hugo-modules/modal v0.0.0-20240417032207-612e47c108d7 h1:ECASb6VM5IVqR1ZlppPexM3augJhWjjkyn7n8uZBtLc=
github.com/gethugothemes/hugo-modules/modal v0.0.0-20240417032207-612e47c108d7/go.mod h1:Eb9v7oV6biymfvjcBhQdvgn0gUGYhUtfCMeOBLFpFsk=
github.com/gethugothemes/hugo-modules/pwa v0.0.0-20240417032207-612e47c108d7 h1:eXFFDXUf5avDONTt+mSjVdBWyFB4DAHIACKLawc53oQ=
github.com/gethugothemes/hugo-modules/pwa v0.0.0-20240417032207-612e47c108d7/go.mod h1:TRv7iszdfo37O1PbBEE+S8X/enAdpRIxK5DGrp13Qbo=
github.com/gethugothemes/hugo-modules/search v0.0.0-20240417032207-612e47c108d7 h1:KcovfazI9PhVfh0KDz7obPSbQWzO7O377JxbDo+CD18=
github.com/gethugothemes/hugo-modules/search v0.0.0-20240417032207-612e47c108d7/go.mod h1:tmDvLaZCM+QDvS/WLZXNjY1QTdWh7/68D2wIToECbyA=
github.com/gethugothemes/hugo-modules/seo-tools/basic-seo v0.0.0-20240417032207-612e47c108d7 h1:z6L0wA1oW+dtUiHJZSEhziCQBKoY8Q2ddsFcShEB7J0=
github.com/gethugothemes/hugo-modules/seo-tools/basic-seo v0.0.0-20240417032207-612e47c108d7/go.mod h1:Q8dPgjamV7pxwKSQyWV21Xwh5CGi23/k+M8HPTphYbs=
github.com/gethugothemes/hugo-modules/seo-tools/google-tag-manager v0.0.0-20240417032207-612e47c108d7 h1:5Ed/cH2VVklfwHY1n6hA8vDy4o3QCJDBQuEwTkUtm1Q=
github.com/gethugothemes/hugo-modules/seo-tools/google-tag-manager v0.0.0-20240417032207-612e47c108d7/go.mod h1:cCq50yd55eFTrpqOfeyOK5X0hU5E7qxsqOD7IzTsgLA=
github.com/gethugothemes/hugo-modules/seo-tools/site-verifications v0.0.0-20240417032207-612e47c108d7 h1:YiIQiDjHlsBCk6B/oRwg7yFgUiO4o5q9t9eWsn52SKw=
github.com/gethugothemes/hugo-modules/seo-tools/site-verifications v0.0.0-20240417032207-612e47c108d7/go.mod h1:iXielaya126qJscz7Bc2G2WB91moloQOoWru6UoBUyE=
github.com/gethugothemes/hugo-modules/shortcodes/button v0.0.0-20240417032207-612e47c108d7 h1:MuuwgkYebZD6DnUo2tad2ShlBntxbSIOyWJiwegZJk8=
github.com/gethugothemes/hugo-modules/shortcodes/button v0.0.0-20240417032207-612e47c108d7/go.mod h1:MSvxGvjvcGUKTs6YMATU/9kYFrzW+VSVdy4CCOQLdsY=
github.com/gethugothemes/hugo-modules/shortcodes/notice v0.0.0-20240417032207-612e47c108d7 h1:geM5YIUP0BYR37wQ+vbsxUIo+A+Wr6liNsxbrjf3Vfc=
github.com/gethugothemes/hugo-modules/shortcodes/notice v0.0.0-20240417032207-612e47c108d7/go.mod h1:ljWyMJx82WA+6SlKjbGFhEdxcriyvUTCjXkJHDa4lho=
github.com/gethugothemes/hugo-modules/tab v0.0.0-20240417032207-612e47c108d7 h1:V3X6jMvGqzptNDR79J6DA6hvv3JPBXKhAgYFd0mXj5M=
github.com/gethugothemes/hugo-modules/tab v0.0.0-20240417032207-612e47c108d7/go.mod h1:h3UxlxrFoU19JldxWLPBKaTZFe3AJtABrqo1wfxr+Ng=
github.com/gethugothemes/hugo-modules/table-of-contents v0.0.0-20240417032207-612e47c108d7 h1:d8Y5XbLeOL/ASeM6hqH2avhpbRbhfv3Ax6cy1MsZlNQ=
github.com/gethugothemes/hugo-modules/table-of-contents v0.0.0-20240417032207-612e47c108d7/go.mod h1:bEDw4veccQQQYEdVrfu13ATRUWfW8ptDIjJZuhYh4Tw=
github.com/gethugothemes/hugo-modules/videos v0.0.0-20240417032207-612e47c108d7 h1:l/zxPeAPQ6YUQeHZL5V6DEOrxJAc5z95EhDcfsd8ssk=
github.com/gethugothemes/hugo-modules/videos v0.0.0-20240417032207-612e47c108d7/go.mod h1:P722lLWdnNhdZVq6gvMrOLqECUwrAYQWaOWlChta5H0=
